
Microsoft Visual Studio Solution File, Format Version 12.00
# Visual Studio Version 17
VisualStudioVersion = 17.2.32630.192
MinimumVisualStudioVersion = 10.0.40219.1
Project("{8BC9CEB8-8B4A-11D0-8D11-00A0C91BC942}") = "Hazel", "Hazel\Hazel.vcxproj", "{2E5D6EFF-8EE4-479A-AD1D-04C80ECB2219}"
EndProject
Project("{8BC9CEB8-8B4A-11D0-8D11-00A0C91BC942}") = "Sandbox", "Sandbox\Sandbox.vcxproj", "{687B3AE1-D576-4350-BAC1-495591A502F6}"
EndProject
Global
	GlobalSection(SolutionConfigurationPlatforms) = preSolution
		Debug|x64 = Debug|x64
		Release|x64 = Release|x64
	EndGlobalSection
	GlobalSection(ProjectConfigurationPlatforms) = postSolution
		{2E5D6EFF-8EE4-479A-AD1D-04C80ECB2219}.Debug|x64.ActiveCfg = Debug|x64
		{2E5D6EFF-8EE4-479A-AD1D-04C80ECB2219}.Debug|x64.Build.0 = Debug|x64
		{2E5D6EFF-8EE4-479A-AD1D-04C80ECB2219}.Release|x64.ActiveCfg = Release|x64
		{2E5D6EFF-8EE4-479A-AD1D-04C80ECB2219}.Release|x64.Build.0 = Release|x64
		{687B3AE1-D576-4350-BAC1-495591A502F6}.Debug|x64.ActiveCfg = Debug|x64
		{687B3AE1-D576-4350-BAC1-495591A502F6}.Debug|x64.Build.0 = Debug|x64
		{687B3AE1-D576-4350-BAC1-495591A502F6}.Release|x64.ActiveCfg = Release|x64
		{687B3AE1-D576-4350-BAC1-495591A502F6}.Release|x64.Build.0 = Release|x64
	EndGlobalSection
	GlobalSection(SolutionProperties) = preSolution
		HideSolutionNode = FALSE
	EndGlobalSection
	GlobalSection(ExtensibilityGlobals) = postSolution
		SolutionGuid = {BBE63B56-33B7-407E-9C46-8C4A516E4084}
	EndGlobalSection
EndGlobal
